
Microsoft Visual Studio Solution File, Format Version 12.00
# Visual Studio 15
VisualStudioVersion = 15.0.27004.2005
MinimumVisualStudioVersion = 10.0.40219.1
Project("{FAE04EC0-301F-11D3-BF4B-00C04F79EFBC}") = "AnyEquation", "AnyEquation\AnyEquation\AnyEquation.csproj", "{230B2A34-B088-4EA1-BB06-B6849EA462AF}"
EndProject
Project("{FAE04EC0-301F-11D3-BF4B-00C04F79EFBC}") = "AnyEquation.Droid", "AnyEquation\AnyEquation.Droid\AnyEquation.Droid.csproj", "{3A884F0F-661B-407F-A27D-575E195CDDEF}"
EndProject
Project("{FAE04EC0-301F-11D3-BF4B-00C04F79EFBC}") = "AnyEquation.UWP", "AnyEquation\AnyEquation.UWP\AnyEquation.UWP.csproj", "{88F99510-FCB0-4DD8-BE55-855FFE6DCC8E}"
EndProject
Project("{FAE04EC0-301F-11D3-BF4B-00C04F79EFBC}") = "Xamarin.FormsBook.Toolkit", "AnyEquation\Xamarin.FormsBook.Toolkit\Xamarin.FormsBook.Toolkit.csproj", "{58EEAFFF-D1BB-4375-AEFC-8270F8415DCE}"
EndProject
Project("{2150E333-8FDC-42A3-9474-1A3956D46DE8}") = "Solution Items", "Solution Items", "{E2A1535F-A209-4A62-AAF7-C1CEECC3C3EB}"
	ProjectSection(SolutionItems) = preProject
		ReadMe.md = ReadMe.md
	EndProjectSection
EndProject
Global
	GlobalSection(SolutionConfigurationPlatforms) = preSolution
		Ad-Hoc|Any CPU = Ad-Hoc|Any CPU
		Ad-Hoc|ARM = Ad-Hoc|ARM
		Ad-Hoc|iPhone = Ad-Hoc|iPhone
		Ad-Hoc|iPhoneSimulator = Ad-Hoc|iPhoneSimulator
		Ad-Hoc|x64 = Ad-Hoc|x64
		Ad-Hoc|x86 = Ad-Hoc|x86
		AppStore|Any CPU = AppStore|Any CPU
		AppStore|ARM = AppStore|ARM
		AppStore|iPhone = AppStore|iPhone
		AppStore|iPhoneSimulator = AppStore|iPhoneSimulator
		AppStore|x64 = AppStore|x64
		AppStore|x86 = AppStore|x86
		Debug|Any CPU = Debug|Any CPU
		Debug|ARM = Debug|ARM
		Debug|iPhone = Debug|iPhone
		Debug|iPhoneSimulator = Debug|iPhoneSimulator
		Debug|x64 = Debug|x64
		Debug|x86 = Debug|x86
		Release|Any CPU = Release|Any CPU
		Release|ARM = Release|ARM
		Release|iPhone = Release|iPhone
		Release|iPhoneSimulator = Release|iPhoneSimulator
		Release|x64 = Release|x64
		Release|x86 = Release|x86
	EndGlobalSection
	GlobalSection(ProjectConfigurationPlatforms) = postSolution
		{230B2A34-B088-4EA1-BB06-B6849EA462AF}.Ad-Hoc|Any CPU.ActiveCfg = Release|Any CPU
		{230B2A34-B088-4EA1-BB06-B6849EA462AF}.Ad-Hoc|Any CPU.Build.0 = Release|Any CPU
		{230B2A34-B088-4EA1-BB06-B6849EA462AF}.Ad-Hoc|ARM.ActiveCfg = Release|Any CPU
		{230B2A34-B088-4EA1-BB06-B6849EA462AF}.Ad-Hoc|ARM.Build.0 = Release|Any CPU
		{230B2A34-B088-4EA1-BB06-B6849EA462AF}.Ad-Hoc|iPhone.ActiveCfg = Release|Any CPU
		{230B2A34-B088-4EA1-BB06-B6849EA462AF}.Ad-Hoc|iPhone.Build.0 = Release|Any CPU
		{230B2A34-B088-4EA1-BB06-B6849EA462AF}.Ad-Hoc|iPhoneSimulator.ActiveCfg = Release|Any CPU
		{230B2A34-B088-4EA1-BB06-B6849EA462AF}.Ad-Hoc|iPhoneSimulator.Build.0 = Release|Any CPU
		{230B2A34-B088-4EA1-BB06-B6849EA462AF}.Ad-Hoc|x64.ActiveCfg = Release|Any CPU
		{230B2A34-B088-4EA1-BB06-B6849EA462AF}.Ad-Hoc|x64.Build.0 = Release|Any CPU
		{230B2A34-B088-4EA1-BB06-B6849EA462AF}.Ad-Hoc|x86.ActiveCfg = Release|Any CPU
		{230B2A34-B088-4EA1-BB06-B6849EA462AF}.Ad-Hoc|x86.Build.0 = Release|Any CPU
		{230B2A34-B088-4EA1-BB06-B6849EA462AF}.AppStore|Any CPU.ActiveCfg = Release|Any CPU
		{230B2A34-B088-4EA1-BB06-B6849EA462AF}.AppStore|Any CPU.Build.0 = Release|Any CPU
		{230B2A34-B088-4EA1-BB06-B6849EA462AF}.AppStore|ARM.ActiveCfg = Release|Any CPU
		{230B2A34-B088-4EA1-BB06-B6849EA462AF}.AppStore|ARM.Build.0 = Release|Any CPU
		{230B2A34-B088-4EA1-BB06-B6849EA462AF}.AppStore|iPhone.ActiveCfg = Release|Any CPU
		{230B2A34-B088-4EA1-BB06-B6849EA462AF}.AppStore|iPhone.Build.0 = Release|Any CPU
		{230B2A34-B088-4EA1-BB06-B6849EA462AF}.AppStore|iPhoneSimulator.ActiveCfg = Release|Any CPU
		{230B2A34-B088-4EA1-BB06-B6849EA462AF}.AppStore|iPhoneSimulator.Build.0 = Release|Any CPU
		{230B2A34-B088-4EA1-BB06-B6849EA462AF}.AppStore|x64.ActiveCfg = Release|Any CPU
		{230B2A34-B088-4EA1-BB06-B6849EA462AF}.AppStore|x64.Build.0 = Release|Any CPU
		{230B2A34-B088-4EA1-BB06-B6849EA462AF}.AppStore|x86.ActiveCfg = Release|Any CPU
		{230B2A34-B088-4EA1-BB06-B6849EA462AF}.AppStore|x86.Build.0 = Release|Any CPU
		{230B2A34-B088-4EA1-BB06-B6849EA462AF}.Debug|Any CPU.ActiveCfg = Debug|Any CPU
		{230B2A34-B088-4EA1-BB06-B6849EA462AF}.Debug|Any CPU.Build.0 = Debug|Any CPU
		{230B2A34-B088-4EA1-BB06-B6849EA462AF}.Debug|ARM.ActiveCfg = Debug|Any CPU
		{230B2A34-B088-4EA1-BB06-B6849EA462AF}.Debug|ARM.Build.0 = Debug|Any CPU
		{230B2A34-B088-4EA1-BB06-B6849EA462AF}.Debug|iPhone.ActiveCfg = Debug|Any CPU
		{230B2A34-B088-4EA1-BB06-B6849EA462AF}.Debug|iPhone.Build.0 = Debug|Any CPU
		{230B2A34-B088-4EA1-BB06-B6849EA462AF}.Debug|iPhoneSimulator.ActiveCfg = Debug|Any CPU
		{230B2A34-B088-4EA1-BB06-B6849EA462AF}.Debug|iPhoneSimulator.Build.0 = Debug|Any CPU
		{230B2A34-B088-4EA1-BB06-B6849EA462AF}.Debug|x64.ActiveCfg = Debug|Any CPU
		{230B2A34-B088-4EA1-BB06-B6849EA462AF}.Debug|x64.Build.0 = Debug|Any CPU
		{230B2A34-B088-4EA1-BB06-B6849EA462AF}.Debug|x86.ActiveCfg = Debug|Any CPU
		{230B2A34-B088-4EA1-BB06-B6849EA462AF}.Debug|x86.Build.0 = Debug|Any CPU
		{230B2A34-B088-4EA1-BB06-B6849EA462AF}.Release|Any CPU.ActiveCfg = Release|Any CPU
		{230B2A34-B088-4EA1-BB06-B6849EA462AF}.Release|Any CPU.Build.0 = Release|Any CPU
		{230B2A34-B088-4EA1-BB06-B6849EA462AF}.Release|ARM.ActiveCfg = Release|Any CPU
		{230B2A34-B088-4EA1-BB06-B6849EA462AF}.Release|ARM.Build.0 = Release|Any CPU
		{230B2A34-B088-4EA1-BB06-B6849EA462AF}.Release|iPhone.ActiveCfg = Release|Any CPU
		{230B2A34-B088-4EA1-BB06-B6849EA462AF}.Release|iPhone.Build.0 = Release|Any CPU
		{230B2A34-B088-4EA1-BB06-B6849EA462AF}.Release|iPhoneSimulator.ActiveCfg = Release|Any CPU
		{230B2A34-B088-4EA1-BB06-B6849EA462AF}.Release|iPhoneSimulator.Build.0 = Release|Any CPU
		{230B2A34-B088-4EA1-BB06-B6849EA462AF}.Release|x64.ActiveCfg = Release|Any CPU
		{230B2A34-B088-4EA1-BB06-B6849EA462AF}.Release|x64.Build.0 = Release|Any CPU
		{230B2A34-B088-4EA1-BB06-B6849EA462AF}.Release|x86.ActiveCfg = Release|Any CPU
		{230B2A34-B088-4EA1-BB06-B6849EA462AF}.Release|x86.Build.0 = Release|Any CPU
		{3A884F0F-661B-407F-A27D-575E195CDDEF}.Ad-Hoc|Any CPU.ActiveCfg = Release|Any CPU
		{3A884F0F-661B-407F-A27D-575E195CDDEF}.Ad-Hoc|Any CPU.Build.0 = Release|Any CPU
		{3A884F0F-661B-407F-A27D-575E195CDDEF}.Ad-Hoc|Any CPU.Deploy.0 = Release|Any CPU
		{3A884F0F-661B-407F-A27D-575E195CDDEF}.Ad-Hoc|ARM.ActiveCfg = Release|Any CPU
		{3A884F0F-661B-407F-A27D-575E195CDDEF}.Ad-Hoc|ARM.Build.0 = Release|Any CPU
		{3A884F0F-661B-407F-A27D-575E195CDDEF}.Ad-Hoc|ARM.Deploy.0 = Release|Any CPU
		{3A884F0F-661B-407F-A27D-575E195CDDEF}.Ad-Hoc|iPhone.ActiveCfg = Release|Any CPU
		{3A884F0F-661B-407F-A27D-575E195CDDEF}.Ad-Hoc|iPhone.Build.0 = Release|Any CPU
		{3A884F0F-661B-407F-A27D-575E195CDDEF}.Ad-Hoc|iPhone.Deploy.0 = Release|Any CPU
		{3A884F0F-661B-407F-A27D-575E195CDDEF}.Ad-Hoc|iPhoneSimulator.ActiveCfg = Release|Any CPU
		{3A884F0F-661B-407F-A27D-575E195CDDEF}.Ad-Hoc|iPhoneSimulator.Build.0 = Release|Any CPU
		{3A884F0F-661B-407F-A27D-575E195CDDEF}.Ad-Hoc|iPhoneSimulator.Deploy.0 = Release|Any CPU
		{3A884F0F-661B-407F-A27D-575E195CDDEF}.Ad-Hoc|x64.ActiveCfg = Release|Any CPU
		{3A884F0F-661B-407F-A27D-575E195CDDEF}.Ad-Hoc|x64.Build.0 = Release|Any CPU
		{3A884F0F-661B-407F-A27D-575E195CDDEF}.Ad-Hoc|x64.Deploy.0 = Release|Any CPU
		{3A884F0F-661B-407F-A27D-575E195CDDEF}.Ad-Hoc|x86.ActiveCfg = Release|Any CPU
		{3A884F0F-661B-407F-A27D-575E195CDDEF}.Ad-Hoc|x86.Build.0 = Release|Any CPU
		{3A884F0F-661B-407F-A27D-575E195CDDEF}.Ad-Hoc|x86.Deploy.0 = Release|Any CPU
		{3A884F0F-661B-407F-A27D-575E195CDDEF}.AppStore|Any CPU.ActiveCfg = Release|Any CPU
		{3A884F0F-661B-407F-A27D-575E195CDDEF}.AppStore|Any CPU.Build.0 = Release|Any CPU
		{3A884F0F-661B-407F-A27D-575E195CDDEF}.AppStore|Any CPU.Deploy.0 = Release|Any CPU
		{3A884F0F-661B-407F-A27D-575E195CDDEF}.AppStore|ARM.ActiveCfg = Release|Any CPU
		{3A884F0F-661B-407F-A27D-575E195CDDEF}.AppStore|ARM.Build.0 = Release|Any CPU
		{3A884F0F-661B-407F-A27D-575E195CDDEF}.AppStore|ARM.Deploy.0 = Release|Any CPU
		{3A884F0F-661B-407F-A27D-575E195CDDEF}.AppStore|iPhone.ActiveCfg = Release|Any CPU
		{3A884F0F-661B-407F-A27D-575E195CDDEF}.AppStore|iPhone.Build.0 = Release|Any CPU
		{3A884F0F-661B-407F-A27D-575E195CDDEF}.AppStore|iPhone.Deploy.0 = Release|Any CPU
		{3A884F0F-661B-407F-A27D-575E195CDDEF}.AppStore|iPhoneSimulator.ActiveCfg = Release|Any CPU
		{3A884F0F-661B-407F-A27D-575E195CDDEF}.AppStore|iPhoneSimulator.Build.0 = Release|Any CPU
		{3A884F0F-661B-407F-A27D-575E195CDDEF}.AppStore|iPhoneSimulator.Deploy.0 = Release|Any CPU
		{3A884F0F-661B-407F-A27D-575E195CDDEF}.AppStore|x64.ActiveCfg = Release|Any CPU
		{3A884F0F-661B-407F-A27D-575E195CDDEF}.AppStore|x64.Build.0 = Release|Any CPU
		{3A884F0F-661B-407F-A27D-575E195CDDEF}.AppStore|x64.Deploy.0 = Release|Any CPU
		{3A884F0F-661B-407F-A27D-575E195CDDEF}.AppStore|x86.ActiveCfg = Release|Any CPU
		{3A884F0F-661B-407F-A27D-575E195CDDEF}.AppStore|x86.Build.0 = Release|Any CPU
		{3A884F0F-661B-407F-A27D-575E195CDDEF}.AppStore|x86.Deploy.0 = Release|Any CPU
		{3A884F0F-661B-407F-A27D-575E195CDDEF}.Debug|Any CPU.ActiveCfg = Debug|Any CPU
		{3A884F0F-661B-407F-A27D-575E195CDDEF}.Debug|Any CPU.Build.0 = Debug|Any CPU
		{3A884F0F-661B-407F-A27D-575E195CDDEF}.Debug|Any CPU.Deploy.0 = Debug|Any CPU
		{3A884F0F-661B-407F-A27D-575E195CDDEF}.Debug|ARM.ActiveCfg = Debug|Any CPU
		{3A884F0F-661B-407F-A27D-575E195CDDEF}.Debug|ARM.Build.0 = Debug|Any CPU
		{3A884F0F-661B-407F-A27D-575E195CDDEF}.Debug|ARM.Deploy.0 = Debug|Any CPU
		{3A884F0F-661B-407F-A27D-575E195CDDEF}.Debug|iPhone.ActiveCfg = Debug|Any CPU
		{3A884F0F-661B-407F-A27D-575E195CDDEF}.Debug|iPhone.Build.0 = Debug|Any CPU
		{3A884F0F-661B-407F-A27D-575E195CDDEF}.Debug|iPhone.Deploy.0 = Debug|Any CPU
		{3A884F0F-661B-407F-A27D-575E195CDDEF}.Debug|iPhoneSimulator.ActiveCfg = Debug|Any CPU
		{3A884F0F-661B-407F-A27D-575E195CDDEF}.Debug|iPhoneSimulator.Build.0 = Debug|Any CPU
		{3A884F0F-661B-407F-A27D-575E195CDDEF}.Debug|iPhoneSimulator.Deploy.0 = Debug|Any CPU
		{3A884F0F-661B-407F-A27D-575E195CDDEF}.Debug|x64.ActiveCfg = Debug|Any CPU
		{3A884F0F-661B-407F-A27D-575E195CDDEF}.Debug|x64.Build.0 = Debug|Any CPU
		{3A884F0F-661B-407F-A27D-575E195CDDEF}.Debug|x64.Deploy.0 = Debug|Any CPU
		{3A884F0F-661B-407F-A27D-575E195CDDEF}.Debug|x86.ActiveCfg = Debug|Any CPU
		{3A884F0F-661B-407F-A27D-575E195CDDEF}.Debug|x86.Build.0 = Debug|Any CPU
		{3A884F0F-661B-407F-A27D-575E195CDDEF}.Debug|x86.Deploy.0 = Debug|Any CPU
		{3A884F0F-661B-407F-A27D-575E195CDDEF}.Release|Any CPU.ActiveCfg = Release|Any CPU
		{3A884F0F-661B-407F-A27D-575E195CDDEF}.Release|Any CPU.Build.0 = Release|Any CPU
		{3A884F0F-661B-407F-A27D-575E195CDDEF}.Release|Any CPU.Deploy.0 = Release|Any CPU
		{3A884F0F-661B-407F-A27D-575E195CDDEF}.Release|ARM.ActiveCfg = Release|Any CPU
		{3A884F0F-661B-407F-A27D-575E195CDDEF}.Release|ARM.Build.0 = Release|Any CPU
		{3A884F0F-661B-407F-A27D-575E195CDDEF}.Release|ARM.Deploy.0 = Release|Any CPU
		{3A884F0F-661B-407F-A27D-575E195CDDEF}.Release|iPhone.ActiveCfg = Release|Any CPU
		{3A884F0F-661B-407F-A27D-575E195CDDEF}.Release|iPhone.Build.0 = Release|Any CPU
		{3A884F0F-661B-407F-A27D-575E195CDDEF}.Release|iPhone.Deploy.0 = Release|Any CPU
		{3A884F0F-661B-407F-A27D-575E195CDDEF}.Release|iPhoneSimulator.ActiveCfg = Release|Any CPU
		{3A884F0F-661B-407F-A27D-575E195CDDEF}.Release|iPhoneSimulator.Build.0 = Release|Any CPU
		{3A884F0F-661B-407F-A27D-575E195CDDEF}.Release|iPhoneSimulator.Deploy.0 = Release|Any CPU
		{3A884F0F-661B-407F-A27D-575E195CDDEF}.Release|x64.ActiveCfg = Release|Any CPU
		{3A884F0F-661B-407F-A27D-575E195CDDEF}.Release|x64.Build.0 = Release|Any CPU
		{3A884F0F-661B-407F-A27D-575E195CDDEF}.Release|x64.Deploy.0 = Release|Any CPU
		{3A884F0F-661B-407F-A27D-575E195CDDEF}.Release|x86.ActiveCfg = Release|Any CPU
		{3A884F0F-661B-407F-A27D-575E195CDDEF}.Release|x86.Build.0 = Release|Any CPU
		{3A884F0F-661B-407F-A27D-575E195CDDEF}.Release|x86.Deploy.0 = Release|Any CPU
		{88F99510-FCB0-4DD8-BE55-855FFE6DCC8E}.Ad-Hoc|Any CPU.ActiveCfg = Release|x86
		{88F99510-FCB0-4DD8-BE55-855FFE6DCC8E}.Ad-Hoc|Any CPU.Build.0 = Release|x86
		{88F99510-FCB0-4DD8-BE55-855FFE6DCC8E}.Ad-Hoc|Any CPU.Deploy.0 = Release|x86
		{88F99510-FCB0-4DD8-BE55-855FFE6DCC8E}.Ad-Hoc|ARM.ActiveCfg = Release|ARM
		{88F99510-FCB0-4DD8-BE55-855FFE6DCC8E}.Ad-Hoc|ARM.Build.0 = Release|ARM
		{88F99510-FCB0-4DD8-BE55-855FFE6DCC8E}.Ad-Hoc|ARM.Deploy.0 = Release|ARM
		{88F99510-FCB0-4DD8-BE55-855FFE6DCC8E}.Ad-Hoc|iPhone.ActiveCfg = Release|x86
		{88F99510-FCB0-4DD8-BE55-855FFE6DCC8E}.Ad-Hoc|iPhone.Build.0 = Release|x86
		{88F99510-FCB0-4DD8-BE55-855FFE6DCC8E}.Ad-Hoc|iPhone.Deploy.0 = Release|x86
		{88F99510-FCB0-4DD8-BE55-855FFE6DCC8E}.Ad-Hoc|iPhoneSimulator.ActiveCfg = Release|x86
		{88F99510-FCB0-4DD8-BE55-855FFE6DCC8E}.Ad-Hoc|iPhoneSimulator.Build.0 = Release|x86
		{88F99510-FCB0-4DD8-BE55-855FFE6DCC8E}.Ad-Hoc|iPhoneSimulator.Deploy.0 = Release|x86
		{88F99510-FCB0-4DD8-BE55-855FFE6DCC8E}.Ad-Hoc|x64.ActiveCfg = Release|x64
		{88F99510-FCB0-4DD8-BE55-855FFE6DCC8E}.Ad-Hoc|x64.Build.0 = Release|x64
		{88F99510-FCB0-4DD8-BE55-855FFE6DCC8E}.Ad-Hoc|x64.Deploy.0 = Release|x64
		{88F99510-FCB0-4DD8-BE55-855FFE6DCC8E}.Ad-Hoc|x86.ActiveCfg = Release|x86
		{88F99510-FCB0-4DD8-BE55-855FFE6DCC8E}.Ad-Hoc|x86.Build.0 = Release|x86
		{88F99510-FCB0-4DD8-BE55-855FFE6DCC8E}.Ad-Hoc|x86.Deploy.0 = Release|x86
		{88F99510-FCB0-4DD8-BE55-855FFE6DCC8E}.AppStore|Any CPU.ActiveCfg = Release|x86
		{88F99510-FCB0-4DD8-BE55-855FFE6DCC8E}.AppStore|Any CPU.Build.0 = Release|x86
		{88F99510-FCB0-4DD8-BE55-855FFE6DCC8E}.AppStore|Any CPU.Deploy.0 = Release|x86
		{88F99510-FCB0-4DD8-BE55-855FFE6DCC8E}.AppStore|ARM.ActiveCfg = Release|ARM
		{88F99510-FCB0-4DD8-BE55-855FFE6DCC8E}.AppStore|ARM.Build.0 = Release|ARM
		{88F99510-FCB0-4DD8-BE55-855FFE6DCC8E}.AppStore|ARM.Deploy.0 = Release|ARM
		{88F99510-FCB0-4DD8-BE55-855FFE6DCC8E}.AppStore|iPhone.ActiveCfg = Release|x86
		{88F99510-FCB0-4DD8-BE55-855FFE6DCC8E}.AppStore|iPhone.Build.0 = Release|x86
		{88F99510-FCB0-4DD8-BE55-855FFE6DCC8E}.AppStore|iPhone.Deploy.0 = Release|x86
		{88F99510-FCB0-4DD8-BE55-855FFE6DCC8E}.AppStore|iPhoneSimulator.ActiveCfg = Release|x86
		{88F99510-FCB0-4DD8-BE55-855FFE6DCC8E}.AppStore|iPhoneSimulator.Build.0 = Release|x86
		{88F99510-FCB0-4DD8-BE55-855FFE6DCC8E}.AppStore|iPhoneSimulator.Deploy.0 = Release|x86
		{88F99510-FCB0-4DD8-BE55-855FFE6DCC8E}.AppStore|x64.ActiveCfg = Release|x64
		{88F99510-FCB0-4DD8-BE55-855FFE6DCC8E}.AppStore|x64.Build.0 = Release|x64
		{88F99510-FCB0-4DD8-BE55-855FFE6DCC8E}.AppStore|x64.Deploy.0 = Release|x64
		{88F99510-FCB0-4DD8-BE55-855FFE6DCC8E}.AppStore|x86.ActiveCfg = Release|x86
		{88F99510-FCB0-4DD8-BE55-855FFE6DCC8E}.AppStore|x86.Build.0 = Release|x86
		{88F99510-FCB0-4DD8-BE55-855FFE6DCC8E}.AppStore|x86.Deploy.0 = Release|x86
		{88F99510-FCB0-4DD8-BE55-855FFE6DCC8E}.Debug|Any CPU.ActiveCfg = Debug|x86
		{88F99510-FCB0-4DD8-BE55-855FFE6DCC8E}.Debug|Any CPU.Build.0 = Debug|x86
		{88F99510-FCB0-4DD8-BE55-855FFE6DCC8E}.Debug|Any CPU.Deploy.0 = Debug|x86
		{88F99510-FCB0-4DD8-BE55-855FFE6DCC8E}.Debug|ARM.ActiveCfg = Debug|ARM
		{88F99510-FCB0-4DD8-BE55-855FFE6DCC8E}.Debug|ARM.Build.0 = Debug|ARM
		{88F99510-FCB0-4DD8-BE55-855FFE6DCC8E}.Debug|ARM.Deploy.0 = Debug|ARM
		{88F99510-FCB0-4DD8-BE55-855FFE6DCC8E}.Debug|iPhone.ActiveCfg = Debug|x86
		{88F99510-FCB0-4DD8-BE55-855FFE6DCC8E}.Debug|iPhone.Build.0 = Debug|x86
		{88F99510-FCB0-4DD8-BE55-855FFE6DCC8E}.Debug|iPhone.Deploy.0 = Debug|x86
		{88F99510-FCB0-4DD8-BE55-855FFE6DCC8E}.Debug|iPhoneSimulator.ActiveCfg = Debug|x86
		{88F99510-FCB0-4DD8-BE55-855FFE6DCC8E}.Debug|x64.ActiveCfg = Debug|x64
		{88F99510-FCB0-4DD8-BE55-855FFE6DCC8E}.Debug|x64.Build.0 = Debug|x64
		{88F99510-FCB0-4DD8-BE55-855FFE6DCC8E}.Debug|x64.Deploy.0 = Debug|x64
		{88F99510-FCB0-4DD8-BE55-855FFE6DCC8E}.Debug|x86.ActiveCfg = Debug|x86
		{88F99510-FCB0-4DD8-BE55-855FFE6DCC8E}.Debug|x86.Build.0 = Debug|x86
		{88F99510-FCB0-4DD8-BE55-855FFE6DCC8E}.Debug|x86.Deploy.0 = Debug|x86
		{88F99510-FCB0-4DD8-BE55-855FFE6DCC8E}.Release|Any CPU.ActiveCfg = Release|x86
		{88F99510-FCB0-4DD8-BE55-855FFE6DCC8E}.Release|Any CPU.Build.0 = Release|x86
		{88F99510-FCB0-4DD8-BE55-855FFE6DCC8E}.Release|Any CPU.Deploy.0 = Release|x86
		{88F99510-FCB0-4DD8-BE55-855FFE6DCC8E}.Release|ARM.ActiveCfg = Release|ARM
		{88F99510-FCB0-4DD8-BE55-855FFE6DCC8E}.Release|ARM.Build.0 = Release|ARM
		{88F99510-FCB0-4DD8-BE55-855FFE6DCC8E}.Release|ARM.Deploy.0 = Release|ARM
		{88F99510-FCB0-4DD8-BE55-855FFE6DCC8E}.Release|iPhone.ActiveCfg = Release|x86
		{88F99510-FCB0-4DD8-BE55-855FFE6DCC8E}.Release|iPhoneSimulator.ActiveCfg = Release|x86
		{88F99510-FCB0-4DD8-BE55-855FFE6DCC8E}.Release|x64.ActiveCfg = Release|x64
		{88F99510-FCB0-4DD8-BE55-855FFE6DCC8E}.Release|x64.Build.0 = Release|x64
		{88F99510-FCB0-4DD8-BE55-855FFE6DCC8E}.Release|x64.Deploy.0 = Release|x64
		{88F99510-FCB0-4DD8-BE55-855FFE6DCC8E}.Release|x86.ActiveCfg = Release|x86
		{88F99510-FCB0-4DD8-BE55-855FFE6DCC8E}.Release|x86.Build.0 = Release|x86
		{88F99510-FCB0-4DD8-BE55-855FFE6DCC8E}.Release|x86.Deploy.0 = Release|x86
		{58EEAFFF-D1BB-4375-AEFC-8270F8415DCE}.Ad-Hoc|Any CPU.ActiveCfg = Release|Any CPU
		{58EEAFFF-D1BB-4375-AEFC-8270F8415DCE}.Ad-Hoc|Any CPU.Build.0 = Release|Any CPU
		{58EEAFFF-D1BB-4375-AEFC-8270F8415DCE}.Ad-Hoc|ARM.ActiveCfg = Release|Any CPU
		{58EEAFFF-D1BB-4375-AEFC-8270F8415DCE}.Ad-Hoc|ARM.Build.0 = Release|Any CPU
		{58EEAFFF-D1BB-4375-AEFC-8270F8415DCE}.Ad-Hoc|iPhone.ActiveCfg = Release|Any CPU
		{58EEAFFF-D1BB-4375-AEFC-8270F8415DCE}.Ad-Hoc|iPhone.Build.0 = Release|Any CPU
		{58EEAFFF-D1BB-4375-AEFC-8270F8415DCE}.Ad-Hoc|iPhoneSimulator.ActiveCfg = Release|Any CPU
		{58EEAFFF-D1BB-4375-AEFC-8270F8415DCE}.Ad-Hoc|iPhoneSimulator.Build.0 = Release|Any CPU
		{58EEAFFF-D1BB-4375-AEFC-8270F8415DCE}.Ad-Hoc|x64.ActiveCfg = Release|Any CPU
		{58EEAFFF-D1BB-4375-AEFC-8270F8415DCE}.Ad-Hoc|x64.Build.0 = Release|Any CPU
		{58EEAFFF-D1BB-4375-AEFC-8270F8415DCE}.Ad-Hoc|x86.ActiveCfg = Release|Any CPU
		{58EEAFFF-D1BB-4375-AEFC-8270F8415DCE}.Ad-Hoc|x86.Build.0 = Release|Any CPU
		{58EEAFFF-D1BB-4375-AEFC-8270F8415DCE}.AppStore|Any CPU.ActiveCfg = Release|Any CPU
		{58EEAFFF-D1BB-4375-AEFC-8270F8415DCE}.AppStore|Any CPU.Build.0 = Release|Any CPU
		{58EEAFFF-D1BB-4375-AEFC-8270F8415DCE}.AppStore|ARM.ActiveCfg = Release|Any CPU
		{58EEAFFF-D1BB-4375-AEFC-8270F8415DCE}.AppStore|ARM.Build.0 = Release|Any CPU
		{58EEAFFF-D1BB-4375-AEFC-8270F8415DCE}.AppStore|iPhone.ActiveCfg = Release|Any CPU
		{58EEAFFF-D1BB-4375-AEFC-8270F8415DCE}.AppStore|iPhone.Build.0 = Release|Any CPU
		{58EEAFFF-D1BB-4375-AEFC-8270F8415DCE}.AppStore|iPhoneSimulator.ActiveCfg = Release|Any CPU
		{58EEAFFF-D1BB-4375-AEFC-8270F8415DCE}.AppStore|iPhoneSimulator.Build.0 = Release|Any CPU
		{58EEAFFF-D1BB-4375-AEFC-8270F8415DCE}.AppStore|x64.ActiveCfg = Release|Any CPU
		{58EEAFFF-D1BB-4375-AEFC-8270F8415DCE}.AppStore|x64.Build.0 = Release|Any CPU
		{58EEAFFF-D1BB-4375-AEFC-8270F8415DCE}.AppStore|x86.ActiveCfg = Release|Any CPU
		{58EEAFFF-D1BB-4375-AEFC-8270F8415DCE}.AppStore|x86.Build.0 = Release|Any CPU
		{58EEAFFF-D1BB-4375-AEFC-8270F8415DCE}.Debug|Any CPU.ActiveCfg = Debug|Any CPU
		{58EEAFFF-D1BB-4375-AEFC-8270F8415DCE}.Debug|Any CPU.Build.0 = Debug|Any CPU
		{58EEAFFF-D1BB-4375-AEFC-8270F8415DCE}.Debug|ARM.ActiveCfg = Debug|Any CPU
		{58EEAFFF-D1BB-4375-AEFC-8270F8415DCE}.Debug|ARM.Build.0 = Debug|Any CPU
		{58EEAFFF-D1BB-4375-AEFC-8270F8415DCE}.Debug|iPhone.ActiveCfg = Debug|Any CPU
		{58EEAFFF-D1BB-4375-AEFC-8270F8415DCE}.Debug|iPhone.Build.0 = Debug|Any CPU
		{58EEAFFF-D1BB-4375-AEFC-8270F8415DCE}.Debug|iPhoneSimulator.ActiveCfg = Debug|Any CPU
		{58EEAFFF-D1BB-4375-AEFC-8270F8415DCE}.Debug|iPhoneSimulator.Build.0 = Debug|Any CPU
		{58EEAFFF-D1BB-4375-AEFC-8270F8415DCE}.Debug|x64.ActiveCfg = Debug|Any CPU
		{58EEAFFF-D1BB-4375-AEFC-8270F8415DCE}.Debug|x64.Build.0 = Debug|Any CPU
		{58EEAFFF-D1BB-4375-AEFC-8270F8415DCE}.Debug|x86.ActiveCfg = Debug|Any CPU
		{58EEAFFF-D1BB-4375-AEFC-8270F8415DCE}.Debug|x86.Build.0 = Debug|Any CPU
		{58EEAFFF-D1BB-4375-AEFC-8270F8415DCE}.Release|Any CPU.ActiveCfg = Release|Any CPU
		{58EEAFFF-D1BB-4375-AEFC-8270F8415DCE}.Release|Any CPU.Build.0 = Release|Any CPU
		{58EEAFFF-D1BB-4375-AEFC-8270F8415DCE}.Release|ARM.ActiveCfg = Release|Any CPU
		{58EEAFFF-D1BB-4375-AEFC-8270F8415DCE}.Release|ARM.Build.0 = Release|Any CPU
		{58EEAFFF-D1BB-4375-AEFC-8270F8415DCE}.Release|iPhone.ActiveCfg = Release|Any CPU
		{58EEAFFF-D1BB-4375-AEFC-8270F8415DCE}.Release|iPhone.Build.0 = Release|Any CPU
		{58EEAFFF-D1BB-4375-AEFC-8270F8415DCE}.Release|iPhoneSimulator.ActiveCfg = Release|Any CPU
		{58EEAFFF-D1BB-4375-AEFC-8270F8415DCE}.Release|iPhoneSimulator.Build.0 = Release|Any CPU
		{58EEAFFF-D1BB-4375-AEFC-8270F8415DCE}.Release|x64.ActiveCfg = Release|Any CPU
		{58EEAFFF-D1BB-4375-AEFC-8270F8415DCE}.Release|x64.Build.0 = Release|Any CPU
		{58EEAFFF-D1BB-4375-AEFC-8270F8415DCE}.Release|x86.ActiveCfg = Release|Any CPU
		{58EEAFFF-D1BB-4375-AEFC-8270F8415DCE}.Release|x86.Build.0 = Release|Any CPU
	EndGlobalSection
	GlobalSection(SolutionProperties) = preSolution
		HideSolutionNode = FALSE
	EndGlobalSection
	GlobalSection(ExtensibilityGlobals) = postSolution
		SolutionGuid = {995CFC3B-1667-4E76-ABBB-9A52F63B8D58}
	EndGlobalSection
EndGlobal
